
Microsoft Visual Studio Solution File, Format Version 12.00
# Visual Studio 15
VisualStudioVersion = 15.0.28307.168
MinimumVisualStudioVersion = 10.0.40219.1
Project("{FAE04EC0-301F-11D3-BF4B-00C04F79EFBC}") = "PilotageLed", "PilotageLed\PilotageLed.csproj", "{ED24B3F1-29A9-4E34-A062-BBE9A17B7E0F}"
EndProject
Global
	GlobalSection(SolutionConfigurationPlatforms) = preSolution
		Debug|ARM = Debug|ARM
		Debug|ARM64 = Debug|ARM64
		Debug|x64 = Debug|x64
		Debug|x86 = Debug|x86
		Release|ARM = Release|ARM
		Release|ARM64 = Release|ARM64
		Release|x64 = Release|x64
		Release|x86 = Release|x86
	EndGlobalSection
	GlobalSection(ProjectConfigurationPlatforms) = postSolution
		{ED24B3F1-29A9-4E34-A062-BBE9A17B7E0F}.Debug|ARM.ActiveCfg = Debug|ARM
		{ED24B3F1-29A9-4E34-A062-BBE9A17B7E0F}.Debug|ARM.Build.0 = Debug|ARM
		{ED24B3F1-29A9-4E34-A062-BBE9A17B7E0F}.Debug|ARM.Deploy.0 = Debug|ARM
		{ED24B3F1-29A9-4E34-A062-BBE9A17B7E0F}.Debug|ARM64.ActiveCfg = Debug|ARM64
		{ED24B3F1-29A9-4E34-A062-BBE9A17B7E0F}.Debug|ARM64.Build.0 = Debug|ARM64
		{ED24B3F1-29A9-4E34-A062-BBE9A17B7E0F}.Debug|ARM64.Deploy.0 = Debug|ARM64
		{ED24B3F1-29A9-4E34-A062-BBE9A17B7E0F}.Debug|x64.ActiveCfg = Debug|x64
		{ED24B3F1-29A9-4E34-A062-BBE9A17B7E0F}.Debug|x64.Build.0 = Debug|x64
		{ED24B3F1-29A9-4E34-A062-BBE9A17B7E0F}.Debug|x64.Deploy.0 = Debug|x64
		{ED24B3F1-29A9-4E34-A062-BBE9A17B7E0F}.Debug|x86.ActiveCfg = Debug|x86
		{ED24B3F1-29A9-4E34-A062-BBE9A17B7E0F}.Debug|x86.Build.0 = Debug|x86
		{ED24B3F1-29A9-4E34-A062-BBE9A17B7E0F}.Debug|x86.Deploy.0 = Debug|x86
		{ED24B3F1-29A9-4E34-A062-BBE9A17B7E0F}.Release|ARM.ActiveCfg = Release|ARM
		{ED24B3F1-29A9-4E34-A062-BBE9A17B7E0F}.Release|ARM.Build.0 = Release|ARM
		{ED24B3F1-29A9-4E34-A062-BBE9A17B7E0F}.Release|ARM.Deploy.0 = Release|ARM
		{ED24B3F1-29A9-4E34-A062-BBE9A17B7E0F}.Release|ARM64.ActiveCfg = Release|ARM64
		{ED24B3F1-29A9-4E34-A062-BBE9A17B7E0F}.Release|ARM64.Build.0 = Release|ARM64
		{ED24B3F1-29A9-4E34-A062-BBE9A17B7E0F}.Release|ARM64.Deploy.0 = Release|ARM64
		{ED24B3F1-29A9-4E34-A062-BBE9A17B7E0F}.Release|x64.ActiveCfg = Release|x64
		{ED24B3F1-29A9-4E34-A062-BBE9A17B7E0F}.Release|x64.Build.0 = Release|x64
		{ED24B3F1-29A9-4E34-A062-BBE9A17B7E0F}.Release|x64.Deploy.0 = Release|x64
		{ED24B3F1-29A9-4E34-A062-BBE9A17B7E0F}.Release|x86.ActiveCfg = Release|x86
		{ED24B3F1-29A9-4E34-A062-BBE9A17B7E0F}.Release|x86.Build.0 = Release|x86
		{ED24B3F1-29A9-4E34-A062-BBE9A17B7E0F}.Release|x86.Deploy.0 = Release|x86
	EndGlobalSection
	GlobalSection(SolutionProperties) = preSolution
		HideSolutionNode = FALSE
	EndGlobalSection
	GlobalSection(ExtensibilityGlobals) = postSolution
		SolutionGuid = {0C6BED98-6AA3-4106-BE39-8692B858D77C}
	EndGlobalSection
EndGlobal
